
Microsoft Visual Studio Solution File, Format Version 9.00
# Visual Studio 2005
Project("{8BC9CEB8-8B4A-11D0-8D11-00A0C91BC942}") = "task_convert", "task_convert.vcproj", "{B38B1993-2E17-4FCF-BDCE-836FC1E2BB7D}"
EndProject
Global
	GlobalSection(SolutionConfigurationPlatforms) = preSolution
		Debug|Win32 = Debug|Win32
		Release|Win32 = Release|Win32
	EndGlobalSection
	GlobalSection(ProjectConfigurationPlatforms) = postSolution
		{B38B1993-2E17-4FCF-BDCE-836FC1E2BB7D}.Debug|Win32.ActiveCfg = Debug|Win32
		{B38B1993-2E17-4FCF-BDCE-836FC1E2BB7D}.Debug|Win32.Build.0 = Debug|Win32
		{B38B1993-2E17-4FCF-BDCE-836FC1E2BB7D}.Release|Win32.ActiveCfg = Release|Win32
		{B38B1993-2E17-4FCF-BDCE-836FC1E2BB7D}.Release|Win32.Build.0 = Release|Win32
	EndGlobalSection
	GlobalSection(SolutionProperties) = preSolution
		HideSolutionNode = FALSE
	EndGlobalSection
EndGlobal
